
Microsoft Visual Studio Solution File, Format Version 12.00
# Visual Studio Version 17
VisualStudioVersion = 17.9.34728.123
MinimumVisualStudioVersion = 10.0.40219.1
Project("{9A19103F-16F7-4668-BE54-9A1E7A4F7556}") = "PythonIpcTool", "PythonIpcTool.csproj", "{A809E0DD-0E19-4D9B-90FA-212C700E4997}"
EndProject
Project("{FAE04EC0-301F-11D3-BF4B-00C04F79EFBC}") = "PythonIpcTool.Tests", "..\PythonIpcTool.Tests\PythonIpcTool.Tests.csproj", "{37FE4355-B7A4-42C1-AA6D-E731B23845CA}"
	ProjectSection(ProjectDependencies) = postProject
		{A809E0DD-0E19-4D9B-90FA-212C700E4997} = {A809E0DD-0E19-4D9B-90FA-212C700E4997}
	EndProjectSection
EndProject
Global
	GlobalSection(SolutionConfigurationPlatforms) = preSolution
		Debug|Any CPU = Debug|Any CPU
		Release|Any CPU = Release|Any CPU
	EndGlobalSection
	GlobalSection(ProjectConfigurationPlatforms) = postSolution
		{A809E0DD-0E19-4D9B-90FA-212C700E4997}.Debug|Any CPU.ActiveCfg = Debug|Any CPU
		{A809E0DD-0E19-4D9B-90FA-212C700E4997}.Debug|Any CPU.Build.0 = Debug|Any CPU
		{A809E0DD-0E19-4D9B-90FA-212C700E4997}.Release|Any CPU.ActiveCfg = Release|Any CPU
		{A809E0DD-0E19-4D9B-90FA-212C700E4997}.Release|Any CPU.Build.0 = Release|Any CPU
		{37FE4355-B7A4-42C1-AA6D-E731B23845CA}.Debug|Any CPU.ActiveCfg = Debug|Any CPU
		{37FE4355-B7A4-42C1-AA6D-E731B23845CA}.Debug|Any CPU.Build.0 = Debug|Any CPU
		{37FE4355-B7A4-42C1-AA6D-E731B23845CA}.Release|Any CPU.ActiveCfg = Release|Any CPU
		{37FE4355-B7A4-42C1-AA6D-E731B23845CA}.Release|Any CPU.Build.0 = Release|Any CPU
	EndGlobalSection
	GlobalSection(SolutionProperties) = preSolution
		HideSolutionNode = FALSE
	EndGlobalSection
	GlobalSection(ExtensibilityGlobals) = postSolution
		SolutionGuid = {1293F8FC-2D4E-476F-AB2A-73A525FDFC7D}
	EndGlobalSection
EndGlobal
